
Microsoft Visual Studio Solution File, Format Version 12.00
# Visual Studio Version 16
VisualStudioVersion = 16.0.31424.327
MinimumVisualStudioVersion = 10.0.40219.1
Project("{FAE04EC0-301F-11D3-BF4B-00C04F79EFBC}") = "Entities", "Entities\Entities.csproj", "{DE162D3F-0798-464D-A378-E2F7C567AB80}"
EndProject
Project("{FAE04EC0-301F-11D3-BF4B-00C04F79EFBC}") = "DataAccess", "DataAccess\DataAccess.csproj", "{E81DD782-1A61-4C0B-9758-E6D5C8C8F256}"
EndProject
Project("{FAE04EC0-301F-11D3-BF4B-00C04F79EFBC}") = "Business", "Business\Business.csproj", "{BB3DA4AA-856F-4D2A-BF06-87CB640B4965}"
EndProject
Project("{FAE04EC0-301F-11D3-BF4B-00C04F79EFBC}") = "ConsoleUI", "Console\ConsoleUI.csproj", "{66FF31F9-C0AD-480B-A608-7A64866C8866}"
EndProject
Global
	GlobalSection(SolutionConfigurationPlatforms) = preSolution
		Debug|Any CPU = Debug|Any CPU
		Release|Any CPU = Release|Any CPU
	EndGlobalSection
	GlobalSection(ProjectConfigurationPlatforms) = postSolution
		{DE162D3F-0798-464D-A378-E2F7C567AB80}.Debug|Any CPU.ActiveCfg = Debug|Any CPU
		{DE162D3F-0798-464D-A378-E2F7C567AB80}.Debug|Any CPU.Build.0 = Debug|Any CPU
		{DE162D3F-0798-464D-A378-E2F7C567AB80}.Release|Any CPU.ActiveCfg = Release|Any CPU
		{DE162D3F-0798-464D-A378-E2F7C567AB80}.Release|Any CPU.Build.0 = Release|Any CPU
		{E81DD782-1A61-4C0B-9758-E6D5C8C8F256}.Debug|Any CPU.ActiveCfg = Debug|Any CPU
		{E81DD782-1A61-4C0B-9758-E6D5C8C8F256}.Debug|Any CPU.Build.0 = Debug|Any CPU
		{E81DD782-1A61-4C0B-9758-E6D5C8C8F256}.Release|Any CPU.ActiveCfg = Release|Any CPU
		{E81DD782-1A61-4C0B-9758-E6D5C8C8F256}.Release|Any CPU.Build.0 = Release|Any CPU
		{BB3DA4AA-856F-4D2A-BF06-87CB640B4965}.Debug|Any CPU.ActiveCfg = Debug|Any CPU
		{BB3DA4AA-856F-4D2A-BF06-87CB640B4965}.Debug|Any CPU.Build.0 = Debug|Any CPU
		{BB3DA4AA-856F-4D2A-BF06-87CB640B4965}.Release|Any CPU.ActiveCfg = Release|Any CPU
		{BB3DA4AA-856F-4D2A-BF06-87CB640B4965}.Release|Any CPU.Build.0 = Release|Any CPU
		{66FF31F9-C0AD-480B-A608-7A64866C8866}.Debug|Any CPU.ActiveCfg = Debug|Any CPU
		{66FF31F9-C0AD-480B-A608-7A64866C8866}.Debug|Any CPU.Build.0 = Debug|Any CPU
		{66FF31F9-C0AD-480B-A608-7A64866C8866}.Release|Any CPU.ActiveCfg = Release|Any CPU
		{66FF31F9-C0AD-480B-A608-7A64866C8866}.Release|Any CPU.Build.0 = Release|Any CPU
	EndGlobalSection
	GlobalSection(SolutionProperties) = preSolution
		HideSolutionNode = FALSE
	EndGlobalSection
	GlobalSection(ExtensibilityGlobals) = postSolution
		SolutionGuid = {50C1ED2D-D4CC-4DDC-8C53-9045EC15FD48}
	EndGlobalSection
EndGlobal
